// !$*UTF8*$!
{
	archiveVersion = 1;
	classes = {
	};
	objectVersion = 46;
	objects = {

/* Begin PBXBuildFile section */
		38DF76D91F21A11500D01CDD /* AppDelegate.swift in Sources */ = {isa = PBXBuildFile; fileRef = 38DF76D81F21A11500D01CDD /* AppDelegate.swift */; };
		38DF76DB1F21A11500D01CDD /* ViewController.swift in Sources */ = {isa = PBXBuildFile; fileRef = 38DF76DA1F21A11500D01CDD /* ViewController.swift */; };
		38DF76E11F21A11500D01CDD /* StockKit.xcdatamodeld in Sources */ = {isa = PBXBuildFile; fileRef = 38DF76DF1F21A11500D01CDD /* StockKit.xcdatamodeld */; };
		38DF76E31F21A11500D01CDD /* Assets.xcassets in Resources */ = {isa = PBXBuildFile; fileRef = 38DF76E21F21A11500D01CDD /* Assets.xcassets */; };
		38DF76E61F21A11500D01CDD /* LaunchScreen.storyboard in Resources */ = {isa = PBXBuildFile; fileRef = 38DF76E41F21A11500D01CDD /* LaunchScreen.storyboard */; };
		38DF76F11F21A11500D01CDD /* StockKitTests.swift in Sources */ = {isa = PBXBuildFile; fileRef = 38DF76F01F21A11500D01CDD /* StockKitTests.swift */; };
		38DF76FC1F23C21C00D01CDD /* StockKit.swift in Sources */ = {isa = PBXBuildFile; fileRef = 38DF76FB1F23C21C00D01CDD /* StockKit.swift */; };
		38DF76FE1F23C7C100D01CDD /* Date.swift in Sources */ = {isa = PBXBuildFile; fileRef = 38DF76FD1F23C7C100D01CDD /* Date.swift */; };
		38DF81BB1F2403CD00D01CDD /* StockChartViewController.swift in Sources */ = {isa = PBXBuildFile; fileRef = 38DF81BA1F2403CD00D01CDD /* StockChartViewController.swift */; };
		38DF81BD1F2403E400D01CDD /* AutoLayout.swift in Sources */ = {isa = PBXBuildFile; fileRef = 38DF81BC1F2403E400D01CDD /* AutoLayout.swift */; };
		38DF81C11F2521CD00D01CDD /* StockTrackerViewController.swift in Sources */ = {isa = PBXBuildFile; fileRef = 38DF81C01F2521CD00D01CDD /* StockTrackerViewController.swift */; };
		625BF91A889AD0C1E16C1BD3 /* Pods_StockKit.framework in Frameworks */ = {isa = PBXBuildFile; fileRef = F409D5AA792E1B2AF6177E30 /* Pods_StockKit.framework */; };
		E380D596FDA7E222FD039859 /* Pods_StockKitTests.framework in Frameworks */ = {isa = PBXBuildFile; fileRef = 335465C8609733A8FC6EB7A4 /* Pods_StockKitTests.framework */; };
/* End PBXBuildFile section */

/* Begin PBXContainerItemProxy section */
		38DF76ED1F21A11500D01CDD /* PBXContainerItemProxy */ = {
			isa = PBXContainerItemProxy;
			containerPortal = 38DF76CD1F21A11500D01CDD /* Project object */;
			proxyType = 1;
			remoteGlobalIDString = 38DF76D41F21A11500D01CDD;
			remoteInfo = StockKit;
		};
/* End PBXContainerItemProxy section */

/* Begin PBXFileReference section */
		08CCE8B91C3A4C28994C59E3 /* Pods-StockKitTests.debug.xcconfig */ = {isa = PBXFileReference; includeInIndex = 1; lastKnownFileType = text.xcconfig; name = "Pods-StockKitTests.debug.xcconfig"; path = "Pods/Target Support Files/Pods-StockKitTests/Pods-StockKitTests.debug.xcconfig"; sourceTree = "<group>"; };
		335465C8609733A8FC6EB7A4 /* Pods_StockKitTests.framework */ = {isa = PBXFileReference; explicitFileType = wrapper.framework; includeInIndex = 0; path = Pods_StockKitTests.framework; sourceTree = BUILT_PRODUCTS_DIR; };
		38DF76D51F21A11500D01CDD /* StockKit.app */ = {isa = PBXFileReference; explicitFileType = wrapper.application; includeInIndex = 0; path = StockKit.app; sourceTree = BUILT_PRODUCTS_DIR; };
		38DF76D81F21A11500D01CDD /* AppDelegate.swift */ = {isa = PBXFileReference; lastKnownFileType = sourcecode.swift; path = AppDelegate.swift; sourceTree = "<group>"; };
		38DF76DA1F21A11500D01CDD /* ViewController.swift */ = {isa = PBXFileReference; lastKnownFileType = sourcecode.swift; path = ViewController.swift; sourceTree = "<group>"; };
		38DF76E01F21A11500D01CDD /* StockKit.xcdatamodel */ = {isa = PBXFileReference; lastKnownFileType = wrapper.xcdatamodel; path = StockKit.xcdatamodel; sourceTree = "<group>"; };
		38DF76E21F21A11500D01CDD /* Assets.xcassets */ = {isa = PBXFileReference; lastKnownFileType = folder.assetcatalog; path = Assets.xcassets; sourceTree = "<group>"; };
		38DF76E51F21A11500D01CDD /* Base */ = {isa = PBXFileReference; lastKnownFileType = file.storyboard; name = Base; path = Base.lproj/LaunchScreen.storyboard; sourceTree = "<group>"; };
		38DF76E71F21A11500D01CDD /* Info.plist */ = {isa = PBXFileReference; lastKnownFileType = text.plist.xml; path = Info.plist; sourceTree = "<group>"; };
		38DF76EC1F21A11500D01CDD /* StockKitTests.xctest */ = {isa = PBXFileReference; explicitFileType = wrapper.cfbundle; includeInIndex = 0; path = StockKitTests.xctest; sourceTree = BUILT_PRODUCTS_DIR; };
		38DF76F01F21A11500D01CDD /* StockKitTests.swift */ = {isa = PBXFileReference; lastKnownFileType = sourcecode.swift; path = StockKitTests.swift; sourceTree = "<group>"; };
		38DF76F21F21A11500D01CDD /* Info.plist */ = {isa = PBXFileReference; lastKnownFileType = text.plist.xml; path = Info.plist; sourceTree = "<group>"; };
		38DF76FB1F23C21C00D01CDD /* StockKit.swift */ = {isa = PBXFileReference; fileEncoding = 4; lastKnownFileType = sourcecode.swift; path = StockKit.swift; sourceTree = "<group>"; };
		38DF76FD1F23C7C100D01CDD /* Date.swift */ = {isa = PBXFileReference; fileEncoding = 4; lastKnownFileType = sourcecode.swift; path = Date.swift; sourceTree = "<group>"; };
		38DF81BA1F2403CD00D01CDD /* StockChartViewController.swift */ = {isa = PBXFileReference; fileEncoding = 4; lastKnownFileType = sourcecode.swift; path = StockChartViewController.swift; sourceTree = "<group>"; };
		38DF81BC1F2403E400D01CDD /* AutoLayout.swift */ = {isa = PBXFileReference; fileEncoding = 4; lastKnownFileType = sourcecode.swift; path = AutoLayout.swift; sourceTree = "<group>"; };
		38DF81C01F2521CD00D01CDD /* StockTrackerViewController.swift */ = {isa = PBXFileReference; fileEncoding = 4; lastKnownFileType = sourcecode.swift; path = StockTrackerViewController.swift; sourceTree = "<group>"; };
		A0613889D35CBDCD2AD68F0B /* Pods-StockKit.release.xcconfig */ = {isa = PBXFileReference; includeInIndex = 1; lastKnownFileType = text.xcconfig; name = "Pods-StockKit.release.xcconfig"; path = "Pods/Target Support Files/Pods-StockKit/Pods-StockKit.release.xcconfig"; sourceTree = "<group>"; };
		A0DF724E1CDCAE19184D9147 /* Pods-StockKitTests.release.xcconfig */ = {isa = PBXFileReference; includeInIndex = 1; lastKnownFileType = text.xcconfig; name = "Pods-StockKitTests.release.xcconfig"; path = "Pods/Target Support Files/Pods-StockKitTests/Pods-StockKitTests.release.xcconfig"; sourceTree = "<group>"; };
		F409D5AA792E1B2AF6177E30 /* Pods_StockKit.framework */ = {isa = PBXFileReference; explicitFileType = wrapper.framework; includeInIndex = 0; path = Pods_StockKit.framework; sourceTree = BUILT_PRODUCTS_DIR; };
		F6C7B5B74A52BBE33391481A /* Pods-StockKit.debug.xcconfig */ = {isa = PBXFileReference; includeInIndex = 1; lastKnownFileType = text.xcconfig; name = "Pods-StockKit.debug.xcconfig"; path = "Pods/Target Support Files/Pods-StockKit/Pods-StockKit.debug.xcconfig"; sourceTree = "<group>"; };
/* End PBXFileReference section */

/* Begin PBXFrameworksBuildPhase section */
		38DF76D21F21A11500D01CDD /* Frameworks */ = {
			isa = PBXFrameworksBuildPhase;
			buildActionMask = 2147483647;
			files = (
				625BF91A889AD0C1E16C1BD3 /* Pods_StockKit.framework in Frameworks */,
			);
			runOnlyForDeploymentPostprocessing = 0;
		};
		38DF76E91F21A11500D01CDD /* Frameworks */ = {
			isa = PBXFrameworksBuildPhase;
			buildActionMask = 2147483647;
			files = (
				E380D596FDA7E222FD039859 /* Pods_StockKitTests.framework in Frameworks */,
			);
			runOnlyForDeploymentPostprocessing = 0;
		};
/* End PBXFrameworksBuildPhase section */

/* Begin PBXGroup section */
		293623573135700394F67791 /* Frameworks */ = {
			isa = PBXGroup;
			children = (
				F409D5AA792E1B2AF6177E30 /* Pods_StockKit.framework */,
				335465C8609733A8FC6EB7A4 /* Pods_StockKitTests.framework */,
			);
			name = Frameworks;
			sourceTree = "<group>";
		};
		38DF76CC1F21A11500D01CDD = {
			isa = PBXGroup;
			children = (
				38DF76D71F21A11500D01CDD /* StockKit */,
				38DF76EF1F21A11500D01CDD /* StockKitTests */,
				38DF76D61F21A11500D01CDD /* Products */,
				A26290F0C07363FE50E8726B /* Pods */,
				293623573135700394F67791 /* Frameworks */,
			);
			sourceTree = "<group>";
		};
		38DF76D61F21A11500D01CDD /* Products */ = {
			isa = PBXGroup;
			children = (
				38DF76D51F21A11500D01CDD /* StockKit.app */,
				38DF76EC1F21A11500D01CDD /* StockKitTests.xctest */,
			);
			name = Products;
			sourceTree = "<group>";
		};
		38DF76D71F21A11500D01CDD /* StockKit */ = {
			isa = PBXGroup;
			children = (
				38DF76D81F21A11500D01CDD /* AppDelegate.swift */,
				38DF76DA1F21A11500D01CDD /* ViewController.swift */,
				38DF81C01F2521CD00D01CDD /* StockTrackerViewController.swift */,
				38DF81BA1F2403CD00D01CDD /* StockChartViewController.swift */,
				38DF76FB1F23C21C00D01CDD /* StockKit.swift */,
				38DF76FD1F23C7C100D01CDD /* Date.swift */,
				38DF81BC1F2403E400D01CDD /* AutoLayout.swift */,
				38DF76E21F21A11500D01CDD /* Assets.xcassets */,
				38DF76E41F21A11500D01CDD /* LaunchScreen.storyboard */,
				38DF76E71F21A11500D01CDD /* Info.plist */,
				38DF76DF1F21A11500D01CDD /* StockKit.xcdatamodeld */,
			);
			path = StockKit;
			sourceTree = "<group>";
		};
		38DF76EF1F21A11500D01CDD /* StockKitTests */ = {
			isa = PBXGroup;
			children = (
				38DF76F01F21A11500D01CDD /* StockKitTests.swift */,
				38DF76F21F21A11500D01CDD /* Info.plist */,
			);
			path = StockKitTests;
			sourceTree = "<group>";
		};
		A26290F0C07363FE50E8726B /* Pods */ = {
			isa = PBXGroup;
			children = (
				F6C7B5B74A52BBE33391481A /* Pods-StockKit.debug.xcconfig */,
				A0613889D35CBDCD2AD68F0B /* Pods-StockKit.release.xcconfig */,
				08CCE8B91C3A4C28994C59E3 /* Pods-StockKitTests.debug.xcconfig */,
				A0DF724E1CDCAE19184D9147 /* Pods-StockKitTests.release.xcconfig */,
			);
			name = Pods;
			sourceTree = "<group>";
		};
/* End PBXGroup section */

/* Begin PBXNativeTarget section */
		38DF76D41F21A11500D01CDD /* StockKit */ = {
			isa = PBXNativeTarget;
			buildConfigurationList = 38DF76F51F21A11500D01CDD /* Build configuration list for PBXNativeTarget "StockKit" */;
			buildPhases = (
				D15F2C0543672CAEDF1C00FC /* [CP] Check Pods Manifest.lock */,
				38DF76D11F21A11500D01CDD /* Sources */,
				38DF76D21F21A11500D01CDD /* Frameworks */,
				38DF76D31F21A11500D01CDD /* Resources */,
				051A735053E5BC4CFBC4A659 /* [CP] Embed Pods Frameworks */,
				BA3814E90248D74C4F839EFC /* [CP] Copy Pods Resources */,
			);
			buildRules = (
			);
			dependencies = (
			);
			name = StockKit;
			productName = StockKit;
			productReference = 38DF76D51F21A11500D01CDD /* StockKit.app */;
			productType = "com.apple.product-type.application";
		};
		38DF76EB1F21A11500D01CDD /* StockKitTests */ = {
			isa = PBXNativeTarget;
			buildConfigurationList = 38DF76F81F21A11500D01CDD /* Build configuration list for PBXNativeTarget "StockKitTests" */;
			buildPhases = (
				91E829534B649863B055AF25 /* [CP] Check Pods Manifest.lock */,
				38DF76E81F21A11500D01CDD /* Sources */,
				38DF76E91F21A11500D01CDD /* Frameworks */,
				38DF76EA1F21A11500D01CDD /* Resources */,
				152434A225B2D8048D38F0FF /* [CP] Embed Pods Frameworks */,
				67BB36C601196B0200A2E890 /* [CP] Copy Pods Resources */,
			);
			buildRules = (
			);
			dependencies = (
				38DF76EE1F21A11500D01CDD /* PBXTargetDependency */,
			);
			name = StockKitTests;
			productName = StockKitTests;
			productReference = 38DF76EC1F21A11500D01CDD /* StockKitTests.xctest */;
			productType = "com.apple.product-type.bundle.unit-test";
		};
/* End PBXNativeTarget section */

/* Begin PBXProject section */
		38DF76CD1F21A11500D01CDD /* Project object */ = {
			isa = PBXProject;
			attributes = {
				LastSwiftUpdateCheck = 0830;
				LastUpgradeCheck = 0830;
				ORGANIZATIONNAME = "Nathan Tannar";
				TargetAttributes = {
					38DF76D41F21A11500D01CDD = {
						CreatedOnToolsVersion = 8.3.3;
						DevelopmentTeam = 9EUCWD26TP;
						ProvisioningStyle = Automatic;
					};
					38DF76EB1F21A11500D01CDD = {
						CreatedOnToolsVersion = 8.3.3;
						DevelopmentTeam = 9EUCWD26TP;
						ProvisioningStyle = Automatic;
						TestTargetID = 38DF76D41F21A11500D01CDD;
					};
				};
			};
			buildConfigurationList = 38DF76D01F21A11500D01CDD /* Build configuration list for PBXProject "StockKit" */;
			compatibilityVersion = "Xcode 3.2";
			developmentRegion = English;
			hasScannedForEncodings = 0;
			knownRegions = (
				en,
				Base,
			);
			mainGroup = 38DF76CC1F21A11500D01CDD;
			productRefGroup = 38DF76D61F21A11500D01CDD /* Products */;
			projectDirPath = "";
			projectRoot = "";
			targets = (
				38DF76D41F21A11500D01CDD /* StockKit */,
				38DF76EB1F21A11500D01CDD /* StockKitTests */,
			);
		};
/* End PBXProject section */

/* Begin PBXResourcesBuildPhase section */
		38DF76D31F21A11500D01CDD /* Resources */ = {
			isa = PBXResourcesBuildPhase;
			buildActionMask = 2147483647;
			files = (
				38DF76E61F21A11500D01CDD /* LaunchScreen.storyboard in Resources */,
				38DF76E31F21A11500D01CDD /* Assets.xcassets in Resources */,
			);
			runOnlyForDeploymentPostprocessing = 0;
		};
		38DF76EA1F21A11500D01CDD /* Resources */ = {
			isa = PBXResourcesBuildPhase;
			buildActionMask = 2147483647;
			files = (
			);
			runOnlyForDeploymentPostprocessing = 0;
		};
/* End PBXResourcesBuildPhase section */

/* Begin PBXShellScriptBuildPhase section */
		051A735053E5BC4CFBC4A659 /* [CP] Embed Pods Frameworks */ = {
			isa = PBXShellScriptBuildPhase;
			buildActionMask = 2147483647;
			files = (
			);
			inputPaths = (
			);
			name = "[CP] Embed Pods Frameworks";
			outputPaths = (
			);
			runOnlyForDeploymentPostprocessing = 0;
			shellPath = /bin/sh;
			shellScript = "\"${SRCROOT}/Pods/Target Support Files/Pods-StockKit/Pods-StockKit-frameworks.sh\"\n";
			showEnvVarsInLog = 0;
		};
		152434A225B2D8048D38F0FF /* [CP] Embed Pods Frameworks */ = {
			isa = PBXShellScriptBuildPhase;
			buildActionMask = 2147483647;
			files = (
			);
			inputPaths = (
			);
			name = "[CP] Embed Pods Frameworks";
			outputPaths = (
			);
			runOnlyForDeploymentPostprocessing = 0;
			shellPath = /bin/sh;
			shellScript = "\"${SRCROOT}/Pods/Target Support Files/Pods-StockKitTests/Pods-StockKitTests-frameworks.sh\"\n";
			showEnvVarsInLog = 0;
		};
		67BB36C601196B0200A2E890 /* [CP] Copy Pods Resources */ = {
			isa = PBXShellScriptBuildPhase;
			buildActionMask = 2147483647;
			files = (
			);
			inputPaths = (
			);
			name = "[CP] Copy Pods Resources";
			outputPaths = (
			);
			runOnlyForDeploymentPostprocessing = 0;
			shellPath = /bin/sh;
			shellScript = "\"${SRCROOT}/Pods/Target Support Files/Pods-StockKitTests/Pods-StockKitTests-resources.sh\"\n";
			showEnvVarsInLog = 0;
		};
		91E829534B649863B055AF25 /* [CP] Check Pods Manifest.lock */ = {
			isa = PBXShellScriptBuildPhase;
			buildActionMask = 2147483647;
			files = (
			);
			inputPaths = (
			);
			name = "[CP] Check Pods Manifest.lock";
			outputPaths = (
			);
			runOnlyForDeploymentPostprocessing = 0;
			shellPath = /bin/sh;
			shellScript = "diff \"${PODS_PODFILE_DIR_PATH}/Podfile.lock\" \"${PODS_ROOT}/Manifest.lock\" > /dev/null\nif [ $? != 0 ] ; then\n    # print error to STDERR\n    echo \"error: The sandbox is not in sync with the Podfile.lock. Run 'pod install' or update your CocoaPods installation.\" >&2\n    exit 1\nfi\n";
			showEnvVarsInLog = 0;
		};
		BA3814E90248D74C4F839EFC /* [CP] Copy Pods Resources */ = {
			isa = PBXShellScriptBuildPhase;
			buildActionMask = 2147483647;
			files = (
			);
			inputPaths = (
			);
			name = "[CP] Copy Pods Resources";
			outputPaths = (
			);
			runOnlyForDeploymentPostprocessing = 0;
			shellPath = /bin/sh;
			shellScript = "\"${SRCROOT}/Pods/Target Support Files/Pods-StockKit/Pods-StockKit-resources.sh\"\n";
			showEnvVarsInLog = 0;
		};
		D15F2C0543672CAEDF1C00FC /* [CP] Check Pods Manifest.lock */ = {
			isa = PBXShellScriptBuildPhase;
			buildActionMask = 2147483647;
			files = (
			);
			inputPaths = (
			);
			name = "[CP] Check Pods Manifest.lock";
			outputPaths = (
			);
			runOnlyForDeploymentPostprocessing = 0;
			shellPath = /bin/sh;
			shellScript = "diff \"${PODS_PODFILE_DIR_PATH}/Podfile.lock\" \"${PODS_ROOT}/Manifest.lock\" > /dev/null\nif [ $? != 0 ] ; then\n    # print error to STDERR\n    echo \"error: The sandbox is not in sync with the Podfile.lock. Run 'pod install' or update your CocoaPods installation.\" >&2\n    exit 1\nfi\n";
			showEnvVarsInLog = 0;
		};
/* End PBXShellScriptBuildPhase section */

/* Begin PBXSourcesBuildPhase section */
		38DF76D11F21A11500D01CDD /* Sources */ = {
			isa = PBXSourcesBuildPhase;
			buildActionMask = 2147483647;
			files = (
				38DF76DB1F21A11500D01CDD /* ViewController.swift in Sources */,
				38DF76FE1F23C7C100D01CDD /* Date.swift in Sources */,
				38DF76FC1F23C21C00D01CDD /* StockKit.swift in Sources */,
				38DF76E11F21A11500D01CDD /* StockKit.xcdatamodeld in Sources */,
				38DF81C11F2521CD00D01CDD /* StockTrackerViewController.swift in Sources */,
				38DF81BB1F2403CD00D01CDD /* StockChartViewController.swift in Sources */,
				38DF76D91F21A11500D01CDD /* AppDelegate.swift in Sources */,
				38DF81BD1F2403E400D01CDD /* AutoLayout.swift in Sources */,
			);
			runOnlyForDeploymentPostprocessing = 0;
		};
		38DF76E81F21A11500D01CDD /* Sources */ = {
			isa = PBXSourcesBuildPhase;
			buildActionMask = 2147483647;
			files = (
				38DF76F11F21A11500D01CDD /* StockKitTests.swift in Sources */,
			);
			runOnlyForDeploymentPostprocessing = 0;
		};
/* End PBXSourcesBuildPhase section */

/* Begin PBXTargetDependency section */
		38DF76EE1F21A11500D01CDD /* PBXTargetDependency */ = {
			isa = PBXTargetDependency;
			target = 38DF76D41F21A11500D01CDD /* StockKit */;
			targetProxy = 38DF76ED1F21A11500D01CDD /* PBXContainerItemProxy */;
		};
/* End PBXTargetDependency section */

/* Begin PBXVariantGroup section */
		38DF76E41F21A11500D01CDD /* LaunchScreen.storyboard */ = {
			isa = PBXVariantGroup;
			children = (
				38DF76E51F21A11500D01CDD /* Base */,
			);
			name = LaunchScreen.storyboard;
			sourceTree = "<group>";
		};
/* End PBXVariantGroup section */

/* Begin XCBuildConfiguration section */
		38DF76F31F21A11500D01CDD /* Debug */ = {
			isa = XCBuildConfiguration;
			buildSettings = {
				ALWAYS_SEARCH_USER_PATHS = NO;
				CLANG_ANALYZER_NONNULL = YES;
				CLANG_ANALYZER_NUMBER_OBJECT_CONVERSION = YES_AGGRESSIVE;
				CLANG_CXX_LANGUAGE_STANDARD = "gnu++0x";
				CLANG_CXX_LIBRARY = "libc++";
				CLANG_ENABLE_MODULES = YES;
				CLANG_ENABLE_OBJC_ARC = YES;
				CLANG_WARN_BOOL_CONVERSION = YES;
				CLANG_WARN_CONSTANT_CONVERSION = YES;
				CLANG_WARN_DIRECT_OBJC_ISA_USAGE = YES_ERROR;
				CLANG_WARN_DOCUMENTATION_COMMENTS = YES;
				CLANG_WARN_EMPTY_BODY = YES;
				CLANG_WARN_ENUM_CONVERSION = YES;
				CLANG_WARN_INFINITE_RECURSION = YES;
				CLANG_WARN_INT_CONVERSION = YES;
				CLANG_WARN_OBJC_ROOT_CLASS = YES_ERROR;
				CLANG_WARN_SUSPICIOUS_MOVE = YES;
				CLANG_WARN_UNREACHABLE_CODE = YES;
				CLANG_WARN__DUPLICATE_METHOD_MATCH = YES;
				"CODE_SIGN_IDENTITY[sdk=iphoneos*]" = "iPhone Developer";
				COPY_PHASE_STRIP = NO;
				DEBUG_INFORMATION_FORMAT = dwarf;
				ENABLE_STRICT_OBJC_MSGSEND = YES;
				ENABLE_TESTABILITY = YES;
				GCC_C_LANGUAGE_STANDARD = gnu99;
				GCC_DYNAMIC_NO_PIC = NO;
				GCC_NO_COMMON_BLOCKS = YES;
				GCC_OPTIMIZATION_LEVEL = 0;
				GCC_PREPROCESSOR_DEFINITIONS = (
					"DEBUG=1",
					"$(inherited)",
				);
				GCC_WARN_64_TO_32_BIT_CONVERSION = YES;
				GCC_WARN_ABOUT_RETURN_TYPE = YES_ERROR;
				GCC_WARN_UNDECLARED_SELECTOR = YES;
				GCC_WARN_UNINITIALIZED_AUTOS = YES_AGGRESSIVE;
				GCC_WARN_UNUSED_FUNCTION = YES;
				GCC_WARN_UNUSED_VARIABLE = YES;
				IPHONEOS_DEPLOYMENT_TARGET = 10.3;
				MTL_ENABLE_DEBUG_INFO = YES;
				ONLY_ACTIVE_ARCH = YES;
				SDKROOT = iphoneos;
				SWIFT_ACTIVE_COMPILATION_CONDITIONS = DEBUG;
				SWIFT_OPTIMIZATION_LEVEL = "-Onone";
				TARGETED_DEVICE_FAMILY = "1,2";
			};
			name = Debug;
		};
		38DF76F41F21A11500D01CDD /* Release */ = {
			isa = XCBuildConfiguration;
			buildSettings = {
				ALWAYS_SEARCH_USER_PATHS = NO;
				CLANG_ANALYZER_NONNULL = YES;
				CLANG_ANALYZER_NUMBER_OBJECT_CONVERSION = YES_AGGRESSIVE;
				CLANG_CXX_LANGUAGE_STANDARD = "gnu++0x";
				CLANG_CXX_LIBRARY = "libc++";
				CLANG_ENABLE_MODULES = YES;
				CLANG_ENABLE_OBJC_ARC = YES;
				CLANG_WARN_BOOL_CONVERSION = YES;
				CLANG_WARN_CONSTANT_CONVERSION = YES;
				CLANG_WARN_DIRECT_OBJC_ISA_USAGE = YES_ERROR;
				CLANG_WARN_DOCUMENTATION_COMMENTS = YES;
				CLANG_WARN_EMPTY_BODY = YES;
				CLANG_WARN_ENUM_CONVERSION = YES;
				CLANG_WARN_INFINITE_RECURSION = YES;
				CLANG_WARN_INT_CONVERSION = YES;
				CLANG_WARN_OBJC_ROOT_CLASS = YES_ERROR;
				CLANG_WARN_SUSPICIOUS_MOVE = YES;
				CLANG_WARN_UNREACHABLE_CODE = YES;
				CLANG_WARN__DUPLICATE_METHOD_MATCH = YES;
				"CODE_SIGN_IDENTITY[sdk=iphoneos*]" = "iPhone Developer";
				COPY_PHASE_STRIP = NO;
				DEBUG_INFORMATION_FORMAT = "dwarf-with-dsym";
				ENABLE_NS_ASSERTIONS = NO;
				ENABLE_STRICT_OBJC_MSGSEND = YES;
				GCC_C_LANGUAGE_STANDARD = gnu99;
				GCC_NO_COMMON_BLOCKS = YES;
				GCC_WARN_64_TO_32_BIT_CONVERSION = YES;
				GCC_WARN_ABOUT_RETURN_TYPE = YES_ERROR;
				GCC_WARN_UNDECLARED_SELECTOR = YES;
				GCC_WARN_UNINITIALIZED_AUTOS = YES_AGGRESSIVE;
				GCC_WARN_UNUSED_FUNCTION = YES;
				GCC_WARN_UNUSED_VARIABLE = YES;
				IPHONEOS_DEPLOYMENT_TARGET = 10.3;
				MTL_ENABLE_DEBUG_INFO = NO;
				SDKROOT = iphoneos;
				SWIFT_OPTIMIZATION_LEVEL = "-Owholemodule";
				TARGETED_DEVICE_FAMILY = "1,2";
				VALIDATE_PRODUCT = YES;
			};
			name = Release;
		};
		38DF76F61F21A11500D01CDD /* Debug */ = {
			isa = XCBuildConfiguration;
			baseConfigurationReference = F6C7B5B74A52BBE33391481A /* Pods-StockKit.debug.xcconfig */;
			buildSettings = {
				ASSETCATALOG_COMPILER_APPICON_NAME = AppIcon;
				DEVELOPMENT_TEAM = 9EUCWD26TP;
				INFOPLIST_FILE = StockKit/Info.plist;
				IPHONEOS_DEPLOYMENT_TARGET = 10.0;
				LD_RUNPATH_SEARCH_PATHS = "$(inherited) @executable_path/Frameworks";
				PRODUCT_BUNDLE_IDENTIFIER = me.nathantannar.StockKit;
				PRODUCT_NAME = "$(TARGET_NAME)";
				SWIFT_VERSION = 3.0;
				TARGETED_DEVICE_FAMILY = "1,2";
			};
			name = Debug;
		};
		38DF76F71F21A11500D01CDD /* Release */ = {
			isa = XCBuildConfiguration;
			baseConfigurationReference = A0613889D35CBDCD2AD68F0B /* Pods-StockKit.release.xcconfig */;
			buildSettings = {
				ASSETCATALOG_COMPILER_APPICON_NAME = AppIcon;
				DEVELOPMENT_TEAM = 9EUCWD26TP;
				INFOPLIST_FILE = StockKit/Info.plist;
				IPHONEOS_DEPLOYMENT_TARGET = 10.0;
				LD_RUNPATH_SEARCH_PATHS = "$(inherited) @executable_path/Frameworks";
				PRODUCT_BUNDLE_IDENTIFIER = me.nathantannar.StockKit;
				PRODUCT_NAME = "$(TARGET_NAME)";
				SWIFT_VERSION = 3.0;
				TARGETED_DEVICE_FAMILY = "1,2";
			};
			name = Release;
		};
		38DF76F91F21A11500D01CDD /* Debug */ = {
			isa = XCBuildConfiguration;
			baseConfigurationReference = 08CCE8B91C3A4C28994C59E3 /* Pods-StockKitTests.debug.xcconfig */;
			buildSettings = {
				ALWAYS_EMBED_SWIFT_STANDARD_LIBRARIES = YES;
				BUNDLE_LOADER = "$(TEST_HOST)";
				DEVELOPMENT_TEAM = 9EUCWD26TP;
				INFOPLIST_FILE = StockKitTests/Info.plist;
				LD_RUNPATH_SEARCH_PATHS = "$(inherited) @executable_path/Frameworks @loader_path/Frameworks";
				PRODUCT_BUNDLE_IDENTIFIER = me.nathantannar.StockKitTests;
				PRODUCT_NAME = "$(TARGET_NAME)";
				SWIFT_VERSION = 3.0;
				TEST_HOST = "$(BUILT_PRODUCTS_DIR)/StockKit.app/StockKit";
			};
			name = Debug;
		};
		38DF76FA1F21A11500D01CDD /* Release */ = {
			isa = XCBuildConfiguration;
			baseConfigurationReference = A0DF724E1CDCAE19184D9147 /* Pods-StockKitTests.release.xcconfig */;
			buildSettings = {
				ALWAYS_EMBED_SWIFT_STANDARD_LIBRARIES = YES;
				BUNDLE_LOADER = "$(TEST_HOST)";
				DEVELOPMENT_TEAM = 9EUCWD26TP;
				INFOPLIST_FILE = StockKitTests/Info.plist;
				LD_RUNPATH_SEARCH_PATHS = "$(inherited) @executable_path/Frameworks @loader_path/Frameworks";
				PRODUCT_BUNDLE_IDENTIFIER = me.nathantannar.StockKitTests;
				PRODUCT_NAME = "$(TARGET_NAME)";
				SWIFT_VERSION = 3.0;
				TEST_HOST = "$(BUILT_PRODUCTS_DIR)/StockKit.app/StockKit";
			};
			name = Release;
		};
/* End XCBuildConfiguration section */

/* Begin XCConfigurationList section */
		38DF76D01F21A11500D01CDD /* Build configuration list for PBXProject "StockKit" */ = {
			isa = XCConfigurationList;
			buildConfigurations = (
				38DF76F31F21A11500D01CDD /* Debug */,
				38DF76F41F21A11500D01CDD /* Release */,
			);
			defaultConfigurationIsVisible = 0;
			defaultConfigurationName = Release;
		};
		38DF76F51F21A11500D01CDD /* Build configuration list for PBXNativeTarget "StockKit" */ = {
			isa = XCConfigurationList;
			buildConfigurations = (
				38DF76F61F21A11500D01CDD /* Debug */,
				38DF76F71F21A11500D01CDD /* Release */,
			);
			defaultConfigurationIsVisible = 0;
			defaultConfigurationName = Release;
		};
		38DF76F81F21A11500D01CDD /* Build configuration list for PBXNativeTarget "StockKitTests" */ = {
			isa = XCConfigurationList;
			buildConfigurations = (
				38DF76F91F21A11500D01CDD /* Debug */,
				38DF76FA1F21A11500D01CDD /* Release */,
			);
			defaultConfigurationIsVisible = 0;
			defaultConfigurationName = Release;
		};
/* End XCConfigurationList section */

/* Begin XCVersionGroup section */
		38DF76DF1F21A11500D01CDD /* StockKit.xcdatamodeld */ = {
			isa = XCVersionGroup;
			children = (
				38DF76E01F21A11500D01CDD /* StockKit.xcdatamodel */,
			);
			currentVersion = 38DF76E01F21A11500D01CDD /* StockKit.xcdatamodel */;
			path = StockKit.xcdatamodeld;
			sourceTree = "<group>";
			versionGroupType = wrapper.xcdatamodel;
		};
/* End XCVersionGroup section */
	};
	rootObject = 38DF76CD1F21A11500D01CDD /* Project object */;
}
